
Microsoft Visual Studio Solution File, Format Version 12.00
# Visual Studio 15
VisualStudioVersion = 15.0.27004.2002
MinimumVisualStudioVersion = 10.0.40219.1
Project("{8BC9CEB8-8B4A-11D0-8D11-00A0C91BC942}") = "Connect4", "Connect4\Connect4.vcxproj", "{58E5D991-141E-4AC5-8538-FABE5CC7941D}"
EndProject
Global
	GlobalSection(SolutionConfigurationPlatforms) = preSolution
		Debug|x64 = Debug|x64
		Debug|x86 = Debug|x86
		Release|x64 = Release|x64
		Release|x86 = Release|x86
	EndGlobalSection
	GlobalSection(ProjectConfigurationPlatforms) = postSolution
		{58E5D991-141E-4AC5-8538-FABE5CC7941D}.Debug|x64.ActiveCfg = Debug|x64
		{58E5D991-141E-4AC5-8538-FABE5CC7941D}.Debug|x64.Build.0 = Debug|x64
		{58E5D991-141E-4AC5-8538-FABE5CC7941D}.Debug|x86.ActiveCfg = Debug|Win32
		{58E5D991-141E-4AC5-8538-FABE5CC7941D}.Debug|x86.Build.0 = Debug|Win32
		{58E5D991-141E-4AC5-8538-FABE5CC7941D}.Release|x64.ActiveCfg = Release|x64
		{58E5D991-141E-4AC5-8538-FABE5CC7941D}.Release|x64.Build.0 = Release|x64
		{58E5D991-141E-4AC5-8538-FABE5CC7941D}.Release|x86.ActiveCfg = Release|Win32
		{58E5D991-141E-4AC5-8538-FABE5CC7941D}.Release|x86.Build.0 = Release|Win32
	EndGlobalSection
	GlobalSection(SolutionProperties) = preSolution
		HideSolutionNode = FALSE
	EndGlobalSection
	GlobalSection(ExtensibilityGlobals) = postSolution
		SolutionGuid = {03EEE6E3-5519-4C88-9484-E4D4362C5C0E}
	EndGlobalSection
EndGlobal
